// !$*UTF8*$!
{
	archiveVersion = 1;
	classes = {
	};
	objectVersion = 51;
	objects = {

/* Begin PBXBuildFile section */
		DA071036266C03AB00F445D8 /* AppDelegate.swift in Sources */ = {isa = PBXBuildFile; fileRef = DA071035266C03AB00F445D8 /* AppDelegate.swift */; };
		DA071038266C03AB00F445D8 /* SceneDelegate.swift in Sources */ = {isa = PBXBuildFile; fileRef = DA071037266C03AB00F445D8 /* SceneDelegate.swift */; };
		DA07103A266C03AB00F445D8 /* CalmvetView.swift in Sources */ = {isa = PBXBuildFile; fileRef = DA071039266C03AB00F445D8 /* CalmvetView.swift */; };
		DA07103C266C03AB00F445D8 /* Assets.xcassets in Resources */ = {isa = PBXBuildFile; fileRef = DA07103B266C03AB00F445D8 /* Assets.xcassets */; };
		DA07103F266C03AB00F445D8 /* Preview Assets.xcassets in Resources */ = {isa = PBXBuildFile; fileRef = DA07103E266C03AB00F445D8 /* Preview Assets.xcassets */; };
		DA071042266C03AB00F445D8 /* LaunchScreen.storyboard in Resources */ = {isa = PBXBuildFile; fileRef = DA071040266C03AB00F445D8 /* LaunchScreen.storyboard */; };
		DA07104B266C03E300F445D8 /* FirebaseUIView.swift in Sources */ = {isa = PBXBuildFile; fileRef = DA07104A266C03E300F445D8 /* FirebaseUIView.swift */; };
		DA2E8CFD266DE09D00D74A31 /* PetViewModel.swift in Sources */ = {isa = PBXBuildFile; fileRef = DA2E8CFC266DE09D00D74A31 /* PetViewModel.swift */; };
		DA71CE17266DA02D00BC4C15 /* PetView.swift in Sources */ = {isa = PBXBuildFile; fileRef = DA71CE16266DA02D00BC4C15 /* PetView.swift */; };
		DABF3F0F266C07BA0048DBF3 /* CustomLoginView.swift in Sources */ = {isa = PBXBuildFile; fileRef = DABF3F0E266C07BA0048DBF3 /* CustomLoginView.swift */; };
		DABF3F11266C122F0048DBF3 /* GoogleService-Info.plist in Resources */ = {isa = PBXBuildFile; fileRef = DABF3F10266C122F0048DBF3 /* GoogleService-Info.plist */; };
		DABF3F1D266C25400048DBF3 /* PetFormView.swift in Sources */ = {isa = PBXBuildFile; fileRef = DABF3F16266C25400048DBF3 /* PetFormView.swift */; };
		DABF3F1E266C25400048DBF3 /* PetListView.swift in Sources */ = {isa = PBXBuildFile; fileRef = DABF3F18266C25400048DBF3 /* PetListView.swift */; };
		DABF3F1F266C25400048DBF3 /* MyPetListView.swift in Sources */ = {isa = PBXBuildFile; fileRef = DABF3F19266C25400048DBF3 /* MyPetListView.swift */; };
		DABF3F20266C25400048DBF3 /* CustomTextEditorView.swift in Sources */ = {isa = PBXBuildFile; fileRef = DABF3F1B266C25400048DBF3 /* CustomTextEditorView.swift */; };
		DABF3F21266C25400048DBF3 /* CustomPickerView.swift in Sources */ = {isa = PBXBuildFile; fileRef = DABF3F1C266C25400048DBF3 /* CustomPickerView.swift */; };
		DABF3F2B266C25600048DBF3 /* PetForm.swift in Sources */ = {isa = PBXBuildFile; fileRef = DABF3F23266C255F0048DBF3 /* PetForm.swift */; };
		DABF3F2C266C25600048DBF3 /* Pet.swift in Sources */ = {isa = PBXBuildFile; fileRef = DABF3F24266C255F0048DBF3 /* Pet.swift */; };
		DABF3F2D266C25600048DBF3 /* PetRepository.swift in Sources */ = {isa = PBXBuildFile; fileRef = DABF3F26266C25600048DBF3 /* PetRepository.swift */; };
		DABF3F2E266C25600048DBF3 /* PetListViewModel.swift in Sources */ = {isa = PBXBuildFile; fileRef = DABF3F28266C25600048DBF3 /* PetListViewModel.swift */; };
		DABF3F2F266C25600048DBF3 /* FirestoreCollectionsEnum.swift in Sources */ = {isa = PBXBuildFile; fileRef = DABF3F2A266C25600048DBF3 /* FirestoreCollectionsEnum.swift */; };
		F815053758C9073DDA641A7F /* Pods_Calm.framework in Frameworks */ = {isa = PBXBuildFile; fileRef = 1851B07F7C5789E28735ADCD /* Pods_Calm.framework */; };
/* End PBXBuildFile section */

/* Begin PBXFileReference section */
		1851B07F7C5789E28735ADCD /* Pods_Calm.framework */ = {isa = PBXFileReference; explicitFileType = wrapper.framework; includeInIndex = 0; path = Pods_Calm.framework; sourceTree = BUILT_PRODUCTS_DIR; };
		7B059BA77CEE0F2E0990513B /* Pods-Calm.release.xcconfig */ = {isa = PBXFileReference; includeInIndex = 1; lastKnownFileType = text.xcconfig; name = "Pods-Calm.release.xcconfig"; path = "Target Support Files/Pods-Calm/Pods-Calm.release.xcconfig"; sourceTree = "<group>"; };
		C5EA40604B395E1BCEC3F6F5 /* Pods-Calm.debug.xcconfig */ = {isa = PBXFileReference; includeInIndex = 1; lastKnownFileType = text.xcconfig; name = "Pods-Calm.debug.xcconfig"; path = "Target Support Files/Pods-Calm/Pods-Calm.debug.xcconfig"; sourceTree = "<group>"; };
		DA071032266C03AB00F445D8 /* Calm.app */ = {isa = PBXFileReference; explicitFileType = wrapper.application; includeInIndex = 0; path = Calm.app; sourceTree = BUILT_PRODUCTS_DIR; };
		DA071035266C03AB00F445D8 /* AppDelegate.swift */ = {isa = PBXFileReference; lastKnownFileType = sourcecode.swift; path = AppDelegate.swift; sourceTree = "<group>"; };
		DA071037266C03AB00F445D8 /* SceneDelegate.swift */ = {isa = PBXFileReference; lastKnownFileType = sourcecode.swift; path = SceneDelegate.swift; sourceTree = "<group>"; };
		DA071039266C03AB00F445D8 /* CalmvetView.swift */ = {isa = PBXFileReference; lastKnownFileType = sourcecode.swift; path = CalmvetView.swift; sourceTree = "<group>"; };
		DA07103B266C03AB00F445D8 /* Assets.xcassets */ = {isa = PBXFileReference; lastKnownFileType = folder.assetcatalog; path = Assets.xcassets; sourceTree = "<group>"; };
		DA07103E266C03AB00F445D8 /* Preview Assets.xcassets */ = {isa = PBXFileReference; lastKnownFileType = folder.assetcatalog; path = "Preview Assets.xcassets"; sourceTree = "<group>"; };
		DA071041266C03AB00F445D8 /* Base */ = {isa = PBXFileReference; lastKnownFileType = file.storyboard; name = Base; path = Base.lproj/LaunchScreen.storyboard; sourceTree = "<group>"; };
		DA071043266C03AB00F445D8 /* Info.plist */ = {isa = PBXFileReference; lastKnownFileType = text.plist.xml; path = Info.plist; sourceTree = "<group>"; };
		DA07104A266C03E300F445D8 /* FirebaseUIView.swift */ = {isa = PBXFileReference; lastKnownFileType = sourcecode.swift; path = FirebaseUIView.swift; sourceTree = "<group>"; };
		DA2E8CFC266DE09D00D74A31 /* PetViewModel.swift */ = {isa = PBXFileReference; lastKnownFileType = sourcecode.swift; path = PetViewModel.swift; sourceTree = "<group>"; };
		DA71CE16266DA02D00BC4C15 /* PetView.swift */ = {isa = PBXFileReference; lastKnownFileType = sourcecode.swift; path = PetView.swift; sourceTree = "<group>"; };
		DABF3F0E266C07BA0048DBF3 /* CustomLoginView.swift */ = {isa = PBXFileReference; lastKnownFileType = sourcecode.swift; path = CustomLoginView.swift; sourceTree = "<group>"; };
		DABF3F10266C122F0048DBF3 /* GoogleService-Info.plist */ = {isa = PBXFileReference; fileEncoding = 4; lastKnownFileType = text.plist.xml; path = "GoogleService-Info.plist"; sourceTree = "<group>"; };
		DABF3F16266C25400048DBF3 /* PetFormView.swift */ = {isa = PBXFileReference; fileEncoding = 4; lastKnownFileType = sourcecode.swift; path = PetFormView.swift; sourceTree = "<group>"; };
		DABF3F18266C25400048DBF3 /* PetListView.swift */ = {isa = PBXFileReference; fileEncoding = 4; lastKnownFileType = sourcecode.swift; path = PetListView.swift; sourceTree = "<group>"; };
		DABF3F19266C25400048DBF3 /* MyPetListView.swift */ = {isa = PBXFileReference; fileEncoding = 4; lastKnownFileType = sourcecode.swift; path = MyPetListView.swift; sourceTree = "<group>"; };
		DABF3F1B266C25400048DBF3 /* CustomTextEditorView.swift */ = {isa = PBXFileReference; fileEncoding = 4; lastKnownFileType = sourcecode.swift; path = CustomTextEditorView.swift; sourceTree = "<group>"; };
		DABF3F1C266C25400048DBF3 /* CustomPickerView.swift */ = {isa = PBXFileReference; fileEncoding = 4; lastKnownFileType = sourcecode.swift; path = CustomPickerView.swift; sourceTree = "<group>"; };
		DABF3F23266C255F0048DBF3 /* PetForm.swift */ = {isa = PBXFileReference; fileEncoding = 4; lastKnownFileType = sourcecode.swift; path = PetForm.swift; sourceTree = "<group>"; };
		DABF3F24266C255F0048DBF3 /* Pet.swift */ = {isa = PBXFileReference; fileEncoding = 4; lastKnownFileType = sourcecode.swift; path = Pet.swift; sourceTree = "<group>"; };
		DABF3F26266C25600048DBF3 /* PetRepository.swift */ = {isa = PBXFileReference; fileEncoding = 4; lastKnownFileType = sourcecode.swift; path = PetRepository.swift; sourceTree = "<group>"; };
		DABF3F28266C25600048DBF3 /* PetListViewModel.swift */ = {isa = PBXFileReference; fileEncoding = 4; lastKnownFileType = sourcecode.swift; path = PetListViewModel.swift; sourceTree = "<group>"; };
		DABF3F2A266C25600048DBF3 /* FirestoreCollectionsEnum.swift */ = {isa = PBXFileReference; fileEncoding = 4; lastKnownFileType = sourcecode.swift; path = FirestoreCollectionsEnum.swift; sourceTree = "<group>"; };
/* End PBXFileReference section */

/* Begin PBXFrameworksBuildPhase section */
		DA07102F266C03AB00F445D8 /* Frameworks */ = {
			isa = PBXFrameworksBuildPhase;
			buildActionMask = 2147483647;
			files = (
				F815053758C9073DDA641A7F /* Pods_Calm.framework in Frameworks */,
			);
			runOnlyForDeploymentPostprocessing = 0;
		};
/* End PBXFrameworksBuildPhase section */

/* Begin PBXGroup section */
		7C607A5C7F13C0DC8D5B0B5B /* Frameworks */ = {
			isa = PBXGroup;
			children = (
				1851B07F7C5789E28735ADCD /* Pods_Calm.framework */,
			);
			name = Frameworks;
			sourceTree = "<group>";
		};
		CA0660A2885A072EC625B4FE /* Pods */ = {
			isa = PBXGroup;
			children = (
				C5EA40604B395E1BCEC3F6F5 /* Pods-Calm.debug.xcconfig */,
				7B059BA77CEE0F2E0990513B /* Pods-Calm.release.xcconfig */,
			);
			path = Pods;
			sourceTree = "<group>";
		};
		DA071029266C03AB00F445D8 = {
			isa = PBXGroup;
			children = (
				DA071034266C03AB00F445D8 /* Calm */,
				DA071033266C03AB00F445D8 /* Products */,
				CA0660A2885A072EC625B4FE /* Pods */,
				7C607A5C7F13C0DC8D5B0B5B /* Frameworks */,
			);
			sourceTree = "<group>";
		};
		DA071033266C03AB00F445D8 /* Products */ = {
			isa = PBXGroup;
			children = (
				DA071032266C03AB00F445D8 /* Calm.app */,
			);
			name = Products;
			sourceTree = "<group>";
		};
		DA071034266C03AB00F445D8 /* Calm */ = {
			isa = PBXGroup;
			children = (
				DABF3F29266C25600048DBF3 /* Enums */,
				DABF3F22266C255F0048DBF3 /* Models */,
				DABF3F25266C25600048DBF3 /* Repositories */,
				DABF3F27266C25600048DBF3 /* ViewModels */,
				DA071049266C03D400F445D8 /* Views */,
				DA071035266C03AB00F445D8 /* AppDelegate.swift */,
				DA071037266C03AB00F445D8 /* SceneDelegate.swift */,
				DA07103B266C03AB00F445D8 /* Assets.xcassets */,
				DA071040266C03AB00F445D8 /* LaunchScreen.storyboard */,
				DA071043266C03AB00F445D8 /* Info.plist */,
				DABF3F10266C122F0048DBF3 /* GoogleService-Info.plist */,
				DA07103D266C03AB00F445D8 /* Preview Content */,
			);
			path = Calm;
			sourceTree = "<group>";
		};
		DA07103D266C03AB00F445D8 /* Preview Content */ = {
			isa = PBXGroup;
			children = (
				DA07103E266C03AB00F445D8 /* Preview Assets.xcassets */,
			);
			path = "Preview Content";
			sourceTree = "<group>";
		};
		DA071049266C03D400F445D8 /* Views */ = {
			isa = PBXGroup;
			children = (
				DABF3F1A266C25400048DBF3 /* Components */,
				DABF3F17266C25400048DBF3 /* Navigation */,
				DABF3F15266C25400048DBF3 /* Pet */,
				DABF3F12266C24BF0048DBF3 /* Main */,
				DA7C7222266C062200756B45 /* Firebase */,
			);
			path = Views;
			sourceTree = "<group>";
		};
		DA7C7222266C062200756B45 /* Firebase */ = {
			isa = PBXGroup;
			children = (
				DA07104A266C03E300F445D8 /* FirebaseUIView.swift */,
				DABF3F0E266C07BA0048DBF3 /* CustomLoginView.swift */,
			);
			path = Firebase;
			sourceTree = "<group>";
		};
		DABF3F12266C24BF0048DBF3 /* Main */ = {
			isa = PBXGroup;
			children = (
				DA071039266C03AB00F445D8 /* CalmvetView.swift */,
			);
			path = Main;
			sourceTree = "<group>";
		};
		DABF3F15266C25400048DBF3 /* Pet */ = {
			isa = PBXGroup;
			children = (
				DA71CE16266DA02D00BC4C15 /* PetView.swift */,
				DABF3F16266C25400048DBF3 /* PetFormView.swift */,
			);
			path = Pet;
			sourceTree = "<group>";
		};
		DABF3F17266C25400048DBF3 /* Navigation */ = {
			isa = PBXGroup;
			children = (
				DABF3F18266C25400048DBF3 /* PetListView.swift */,
				DABF3F19266C25400048DBF3 /* MyPetListView.swift */,
			);
			path = Navigation;
			sourceTree = "<group>";
		};
		DABF3F1A266C25400048DBF3 /* Components */ = {
			isa = PBXGroup;
			children = (
				DABF3F1B266C25400048DBF3 /* CustomTextEditorView.swift */,
				DABF3F1C266C25400048DBF3 /* CustomPickerView.swift */,
			);
			path = Components;
			sourceTree = "<group>";
		};
		DABF3F22266C255F0048DBF3 /* Models */ = {
			isa = PBXGroup;
			children = (
				DABF3F23266C255F0048DBF3 /* PetForm.swift */,
				DABF3F24266C255F0048DBF3 /* Pet.swift */,
			);
			path = Models;
			sourceTree = "<group>";
		};
		DABF3F25266C25600048DBF3 /* Repositories */ = {
			isa = PBXGroup;
			children = (
				DABF3F26266C25600048DBF3 /* PetRepository.swift */,
			);
			path = Repositories;
			sourceTree = "<group>";
		};
		DABF3F27266C25600048DBF3 /* ViewModels */ = {
			isa = PBXGroup;
			children = (
				DABF3F28266C25600048DBF3 /* PetListViewModel.swift */,
				DA2E8CFC266DE09D00D74A31 /* PetViewModel.swift */,
			);
			path = ViewModels;
			sourceTree = "<group>";
		};
		DABF3F29266C25600048DBF3 /* Enums */ = {
			isa = PBXGroup;
			children = (
				DABF3F2A266C25600048DBF3 /* FirestoreCollectionsEnum.swift */,
			);
			path = Enums;
			sourceTree = "<group>";
		};
/* End PBXGroup section */

/* Begin PBXNativeTarget section */
		DA071031266C03AB00F445D8 /* Calm */ = {
			isa = PBXNativeTarget;
			buildConfigurationList = DA071046266C03AB00F445D8 /* Build configuration list for PBXNativeTarget "Calm" */;
			buildPhases = (
				7730E4B9CE7F9D005500E122 /* [CP] Check Pods Manifest.lock */,
				DA07102E266C03AB00F445D8 /* Sources */,
				DA07102F266C03AB00F445D8 /* Frameworks */,
				DA071030266C03AB00F445D8 /* Resources */,
				F9B3F9186B37FC7C352DBCD6 /* [CP] Embed Pods Frameworks */,
				704E86EBD0496855EBA800A0 /* [CP] Copy Pods Resources */,
			);
			buildRules = (
			);
			dependencies = (
			);
			name = Calm;
			productName = Calm;
			productReference = DA071032266C03AB00F445D8 /* Calm.app */;
			productType = "com.apple.product-type.application";
		};
/* End PBXNativeTarget section */

/* Begin PBXProject section */
		DA07102A266C03AB00F445D8 /* Project object */ = {
			isa = PBXProject;
			attributes = {
				LastSwiftUpdateCheck = 1250;
				LastUpgradeCheck = 1250;
				TargetAttributes = {
					DA071031266C03AB00F445D8 = {
						CreatedOnToolsVersion = 12.5;
					};
				};
			};
			buildConfigurationList = DA07102D266C03AB00F445D8 /* Build configuration list for PBXProject "Calm" */;
			compatibilityVersion = "Xcode 9.3";
			developmentRegion = en;
			hasScannedForEncodings = 0;
			knownRegions = (
				en,
				Base,
			);
			mainGroup = DA071029266C03AB00F445D8;
			productRefGroup = DA071033266C03AB00F445D8 /* Products */;
			projectDirPath = "";
			projectRoot = "";
			targets = (
				DA071031266C03AB00F445D8 /* Calm */,
			);
		};
/* End PBXProject section */

/* Begin PBXResourcesBuildPhase section */
		DA071030266C03AB00F445D8 /* Resources */ = {
			isa = PBXResourcesBuildPhase;
			buildActionMask = 2147483647;
			files = (
				DA071042266C03AB00F445D8 /* LaunchScreen.storyboard in Resources */,
				DABF3F11266C122F0048DBF3 /* GoogleService-Info.plist in Resources */,
				DA07103F266C03AB00F445D8 /* Preview Assets.xcassets in Resources */,
				DA07103C266C03AB00F445D8 /* Assets.xcassets in Resources */,
			);
			runOnlyForDeploymentPostprocessing = 0;
		};
/* End PBXResourcesBuildPhase section */

/* Begin PBXShellScriptBuildPhase section */
		704E86EBD0496855EBA800A0 /* [CP] Copy Pods Resources */ = {
			isa = PBXShellScriptBuildPhase;
			buildActionMask = 2147483647;
			files = (
			);
			inputFileListPaths = (
				"${PODS_ROOT}/Target Support Files/Pods-Calm/Pods-Calm-resources-${CONFIGURATION}-input-files.xcfilelist",
			);
			name = "[CP] Copy Pods Resources";
			outputFileListPaths = (
				"${PODS_ROOT}/Target Support Files/Pods-Calm/Pods-Calm-resources-${CONFIGURATION}-output-files.xcfilelist",
			);
			runOnlyForDeploymentPostprocessing = 0;
			shellPath = /bin/sh;
			shellScript = "\"${PODS_ROOT}/Target Support Files/Pods-Calm/Pods-Calm-resources.sh\"\n";
			showEnvVarsInLog = 0;
		};
		7730E4B9CE7F9D005500E122 /* [CP] Check Pods Manifest.lock */ = {
			isa = PBXShellScriptBuildPhase;
			buildActionMask = 2147483647;
			files = (
			);
			inputFileListPaths = (
			);
			inputPaths = (
				"${PODS_PODFILE_DIR_PATH}/Podfile.lock",
				"${PODS_ROOT}/Manifest.lock",
			);
			name = "[CP] Check Pods Manifest.lock";
			outputFileListPaths = (
			);
			outputPaths = (
				"$(DERIVED_FILE_DIR)/Pods-Calm-checkManifestLockResult.txt",
			);
			runOnlyForDeploymentPostprocessing = 0;
			shellPath = /bin/sh;
			shellScript = "diff \"${PODS_PODFILE_DIR_PATH}/Podfile.lock\" \"${PODS_ROOT}/Manifest.lock\" > /dev/null\nif [ $? != 0 ] ; then\n    # print error to STDERR\n    echo \"error: The sandbox is not in sync with the Podfile.lock. Run 'pod install' or update your CocoaPods installation.\" >&2\n    exit 1\nfi\n# This output is used by Xcode 'outputs' to avoid re-running this script phase.\necho \"SUCCESS\" > \"${SCRIPT_OUTPUT_FILE_0}\"\n";
			showEnvVarsInLog = 0;
		};
		F9B3F9186B37FC7C352DBCD6 /* [CP] Embed Pods Frameworks */ = {
			isa = PBXShellScriptBuildPhase;
			buildActionMask = 2147483647;
			files = (
			);
			inputFileListPaths = (
				"${PODS_ROOT}/Target Support Files/Pods-Calm/Pods-Calm-frameworks-${CONFIGURATION}-input-files.xcfilelist",
			);
			name = "[CP] Embed Pods Frameworks";
			outputFileListPaths = (
				"${PODS_ROOT}/Target Support Files/Pods-Calm/Pods-Calm-frameworks-${CONFIGURATION}-output-files.xcfilelist",
			);
			runOnlyForDeploymentPostprocessing = 0;
			shellPath = /bin/sh;
			shellScript = "\"${PODS_ROOT}/Target Support Files/Pods-Calm/Pods-Calm-frameworks.sh\"\n";
			showEnvVarsInLog = 0;
		};
/* End PBXShellScriptBuildPhase section */

/* Begin PBXSourcesBuildPhase section */
		DA07102E266C03AB00F445D8 /* Sources */ = {
			isa = PBXSourcesBuildPhase;
			buildActionMask = 2147483647;
			files = (
				DA071036266C03AB00F445D8 /* AppDelegate.swift in Sources */,
				DABF3F21266C25400048DBF3 /* CustomPickerView.swift in Sources */,
				DABF3F2B266C25600048DBF3 /* PetForm.swift in Sources */,
				DA07104B266C03E300F445D8 /* FirebaseUIView.swift in Sources */,
				DA2E8CFD266DE09D00D74A31 /* PetViewModel.swift in Sources */,
				DABF3F2E266C25600048DBF3 /* PetListViewModel.swift in Sources */,
				DABF3F20266C25400048DBF3 /* CustomTextEditorView.swift in Sources */,
				DA071038266C03AB00F445D8 /* SceneDelegate.swift in Sources */,
				DABF3F2F266C25600048DBF3 /* FirestoreCollectionsEnum.swift in Sources */,
				DABF3F2D266C25600048DBF3 /* PetRepository.swift in Sources */,
				DA07103A266C03AB00F445D8 /* CalmvetView.swift in Sources */,
				DA71CE17266DA02D00BC4C15 /* PetView.swift in Sources */,
				DABF3F1F266C25400048DBF3 /* MyPetListView.swift in Sources */,
				DABF3F1D266C25400048DBF3 /* PetFormView.swift in Sources */,
				DABF3F2C266C25600048DBF3 /* Pet.swift in Sources */,
				DABF3F1E266C25400048DBF3 /* PetListView.swift in Sources */,
				DABF3F0F266C07BA0048DBF3 /* CustomLoginView.swift in Sources */,
			);
			runOnlyForDeploymentPostprocessing = 0;
		};
/* End PBXSourcesBuildPhase section */

/* Begin PBXVariantGroup section */
		DA071040266C03AB00F445D8 /* LaunchScreen.storyboard */ = {
			isa = PBXVariantGroup;
			children = (
				DA071041266C03AB00F445D8 /* Base */,
			);
			name = LaunchScreen.storyboard;
			sourceTree = "<group>";
		};
/* End PBXVariantGroup section */

/* Begin XCBuildConfiguration section */
		DA071044266C03AB00F445D8 /* Debug */ = {
			isa = XCBuildConfiguration;
			buildSettings = {
				ALWAYS_SEARCH_USER_PATHS = NO;
				CLANG_ANALYZER_NONNULL = YES;
				CLANG_ANALYZER_NUMBER_OBJECT_CONVERSION = YES_AGGRESSIVE;
				CLANG_CXX_LANGUAGE_STANDARD = "gnu++14";
				CLANG_CXX_LIBRARY = "libc++";
				CLANG_ENABLE_MODULES = YES;
				CLANG_ENABLE_OBJC_ARC = YES;
				CLANG_ENABLE_OBJC_WEAK = YES;
				CLANG_WARN_BLOCK_CAPTURE_AUTORELEASING = YES;
				CLANG_WARN_BOOL_CONVERSION = YES;
				CLANG_WARN_COMMA = YES;
				CLANG_WARN_CONSTANT_CONVERSION = YES;
				CLANG_WARN_DEPRECATED_OBJC_IMPLEMENTATIONS = YES;
				CLANG_WARN_DIRECT_OBJC_ISA_USAGE = YES_ERROR;
				CLANG_WARN_DOCUMENTATION_COMMENTS = YES;
				CLANG_WARN_EMPTY_BODY = YES;
				CLANG_WARN_ENUM_CONVERSION = YES;
				CLANG_WARN_INFINITE_RECURSION = YES;
				CLANG_WARN_INT_CONVERSION = YES;
				CLANG_WARN_NON_LITERAL_NULL_CONVERSION = YES;
				CLANG_WARN_OBJC_IMPLICIT_RETAIN_SELF = YES;
				CLANG_WARN_OBJC_LITERAL_CONVERSION = YES;
				CLANG_WARN_OBJC_ROOT_CLASS = YES_ERROR;
				CLANG_WARN_QUOTED_INCLUDE_IN_FRAMEWORK_HEADER = YES;
				CLANG_WARN_RANGE_LOOP_ANALYSIS = YES;
				CLANG_WARN_STRICT_PROTOTYPES = YES;
				CLANG_WARN_SUSPICIOUS_MOVE = YES;
				CLANG_WARN_UNGUARDED_AVAILABILITY = YES_AGGRESSIVE;
				CLANG_WARN_UNREACHABLE_CODE = YES;
				CLANG_WARN__DUPLICATE_METHOD_MATCH = YES;
				COPY_PHASE_STRIP = NO;
				DEBUG_INFORMATION_FORMAT = dwarf;
				ENABLE_STRICT_OBJC_MSGSEND = YES;
				ENABLE_TESTABILITY = YES;
				GCC_C_LANGUAGE_STANDARD = gnu11;
				GCC_DYNAMIC_NO_PIC = NO;
				GCC_NO_COMMON_BLOCKS = YES;
				GCC_OPTIMIZATION_LEVEL = 0;
				GCC_PREPROCESSOR_DEFINITIONS = (
					"DEBUG=1",
					"$(inherited)",
				);
				GCC_WARN_64_TO_32_BIT_CONVERSION = YES;
				GCC_WARN_ABOUT_RETURN_TYPE = YES_ERROR;
				GCC_WARN_UNDECLARED_SELECTOR = YES;
				GCC_WARN_UNINITIALIZED_AUTOS = YES_AGGRESSIVE;
				GCC_WARN_UNUSED_FUNCTION = YES;
				GCC_WARN_UNUSED_VARIABLE = YES;
				IPHONEOS_DEPLOYMENT_TARGET = 14.5;
				MTL_ENABLE_DEBUG_INFO = INCLUDE_SOURCE;
				MTL_FAST_MATH = YES;
				ONLY_ACTIVE_ARCH = YES;
				SDKROOT = iphoneos;
				SWIFT_ACTIVE_COMPILATION_CONDITIONS = DEBUG;
				SWIFT_OPTIMIZATION_LEVEL = "-Onone";
			};
			name = Debug;
		};
		DA071045266C03AB00F445D8 /* Release */ = {
			isa = XCBuildConfiguration;
			buildSettings = {
				ALWAYS_SEARCH_USER_PATHS = NO;
				CLANG_ANALYZER_NONNULL = YES;
				CLANG_ANALYZER_NUMBER_OBJECT_CONVERSION = YES_AGGRESSIVE;
				CLANG_CXX_LANGUAGE_STANDARD = "gnu++14";
				CLANG_CXX_LIBRARY = "libc++";
				CLANG_ENABLE_MODULES = YES;
				CLANG_ENABLE_OBJC_ARC = YES;
				CLANG_ENABLE_OBJC_WEAK = YES;
				CLANG_WARN_BLOCK_CAPTURE_AUTORELEASING = YES;
				CLANG_WARN_BOOL_CONVERSION = YES;
				CLANG_WARN_COMMA = YES;
				CLANG_WARN_CONSTANT_CONVERSION = YES;
				CLANG_WARN_DEPRECATED_OBJC_IMPLEMENTATIONS = YES;
				CLANG_WARN_DIRECT_OBJC_ISA_USAGE = YES_ERROR;
				CLANG_WARN_DOCUMENTATION_COMMENTS = YES;
				CLANG_WARN_EMPTY_BODY = YES;
				CLANG_WARN_ENUM_CONVERSION = YES;
				CLANG_WARN_INFINITE_RECURSION = YES;
				CLANG_WARN_INT_CONVERSION = YES;
				CLANG_WARN_NON_LITERAL_NULL_CONVERSION = YES;
				CLANG_WARN_OBJC_IMPLICIT_RETAIN_SELF = YES;
				CLANG_WARN_OBJC_LITERAL_CONVERSION = YES;
				CLANG_WARN_OBJC_ROOT_CLASS = YES_ERROR;
				CLANG_WARN_QUOTED_INCLUDE_IN_FRAMEWORK_HEADER = YES;
				CLANG_WARN_RANGE_LOOP_ANALYSIS = YES;
				CLANG_WARN_STRICT_PROTOTYPES = YES;
				CLANG_WARN_SUSPICIOUS_MOVE = YES;
				CLANG_WARN_UNGUARDED_AVAILABILITY = YES_AGGRESSIVE;
				CLANG_WARN_UNREACHABLE_CODE = YES;
				CLANG_WARN__DUPLICATE_METHOD_MATCH = YES;
				COPY_PHASE_STRIP = NO;
				DEBUG_INFORMATION_FORMAT = "dwarf-with-dsym";
				ENABLE_NS_ASSERTIONS = NO;
				ENABLE_STRICT_OBJC_MSGSEND = YES;
				GCC_C_LANGUAGE_STANDARD = gnu11;
				GCC_NO_COMMON_BLOCKS = YES;
				GCC_WARN_64_TO_32_BIT_CONVERSION = YES;
				GCC_WARN_ABOUT_RETURN_TYPE = YES_ERROR;
				GCC_WARN_UNDECLARED_SELECTOR = YES;
				GCC_WARN_UNINITIALIZED_AUTOS = YES_AGGRESSIVE;
				GCC_WARN_UNUSED_FUNCTION = YES;
				GCC_WARN_UNUSED_VARIABLE = YES;
				IPHONEOS_DEPLOYMENT_TARGET = 14.5;
				MTL_ENABLE_DEBUG_INFO = NO;
				MTL_FAST_MATH = YES;
				SDKROOT = iphoneos;
				SWIFT_COMPILATION_MODE = wholemodule;
				SWIFT_OPTIMIZATION_LEVEL = "-O";
				VALIDATE_PRODUCT = YES;
			};
			name = Release;
		};
		DA071047266C03AB00F445D8 /* Debug */ = {
			isa = XCBuildConfiguration;
			baseConfigurationReference = C5EA40604B395E1BCEC3F6F5 /* Pods-Calm.debug.xcconfig */;
			buildSettings = {
				ASSETCATALOG_COMPILER_APPICON_NAME = AppIcon;
				ASSETCATALOG_COMPILER_GLOBAL_ACCENT_COLOR_NAME = AccentColor;
				CODE_SIGN_STYLE = Automatic;
				DEVELOPMENT_ASSET_PATHS = "\"Calm/Preview Content\"";
				DEVELOPMENT_TEAM = 9FG8SD99LV;
				ENABLE_PREVIEWS = YES;
				INFOPLIST_FILE = Calm/Info.plist;
				LD_RUNPATH_SEARCH_PATHS = (
					"$(inherited)",
					"@executable_path/Frameworks",
				);
				PRODUCT_BUNDLE_IDENTIFIER = com.soyaaroncervantes.Calm;
				PRODUCT_NAME = "$(TARGET_NAME)";
				SWIFT_VERSION = 5.0;
				TARGETED_DEVICE_FAMILY = 1;
			};
			name = Debug;
		};
		DA071048266C03AB00F445D8 /* Release */ = {
			isa = XCBuildConfiguration;
			baseConfigurationReference = 7B059BA77CEE0F2E0990513B /* Pods-Calm.release.xcconfig */;
			buildSettings = {
				ASSETCATALOG_COMPILER_APPICON_NAME = AppIcon;
				ASSETCATALOG_COMPILER_GLOBAL_ACCENT_COLOR_NAME = AccentColor;
				CODE_SIGN_STYLE = Automatic;
				DEVELOPMENT_ASSET_PATHS = "\"Calm/Preview Content\"";
				DEVELOPMENT_TEAM = 9FG8SD99LV;
				ENABLE_PREVIEWS = YES;
				INFOPLIST_FILE = Calm/Info.plist;
				LD_RUNPATH_SEARCH_PATHS = (
					"$(inherited)",
					"@executable_path/Frameworks",
				);
				PRODUCT_BUNDLE_IDENTIFIER = com.soyaaroncervantes.Calm;
				PRODUCT_NAME = "$(TARGET_NAME)";
				SWIFT_VERSION = 5.0;
				TARGETED_DEVICE_FAMILY = 1;
			};
			name = Release;
		};
/* End XCBuildConfiguration section */

/* Begin XCConfigurationList section */
		DA07102D266C03AB00F445D8 /* Build configuration list for PBXProject "Calm" */ = {
			isa = XCConfigurationList;
			buildConfigurations = (
				DA071044266C03AB00F445D8 /* Debug */,
				DA071045266C03AB00F445D8 /* Release */,
			);
			defaultConfigurationIsVisible = 0;
			defaultConfigurationName = Release;
		};
		DA071046266C03AB00F445D8 /* Build configuration list for PBXNativeTarget "Calm" */ = {
			isa = XCConfigurationList;
			buildConfigurations = (
				DA071047266C03AB00F445D8 /* Debug */,
				DA071048266C03AB00F445D8 /* Release */,
			);
			defaultConfigurationIsVisible = 0;
			defaultConfigurationName = Release;
		};
/* End XCConfigurationList section */
	};
	rootObject = DA07102A266C03AB00F445D8 /* Project object */;
}
